
Microsoft Visual Studio Solution File, Format Version 12.00
# Visual Studio Version 17
VisualStudioVersion = 17.7.34031.279
MinimumVisualStudioVersion = 10.0.40219.1
Project("{FAE04EC0-301F-11D3-BF4B-00C04F79EFBC}") = "Curs3Prob2", "Curs3Prob2.csproj", "{BB1EF4B7-05DC-4402-988F-60C9B2269F51}"
EndProject
Global
	GlobalSection(SolutionConfigurationPlatforms) = preSolution
		Debug|Any CPU = Debug|Any CPU
		Release|Any CPU = Release|Any CPU
	EndGlobalSection
	GlobalSection(ProjectConfigurationPlatforms) = postSolution
		{BB1EF4B7-05DC-4402-988F-60C9B2269F51}.Debug|Any CPU.ActiveCfg = Debug|Any CPU
		{BB1EF4B7-05DC-4402-988F-60C9B2269F51}.Debug|Any CPU.Build.0 = Debug|Any CPU
		{BB1EF4B7-05DC-4402-988F-60C9B2269F51}.Release|Any CPU.ActiveCfg = Release|Any CPU
		{BB1EF4B7-05DC-4402-988F-60C9B2269F51}.Release|Any CPU.Build.0 = Release|Any CPU
	EndGlobalSection
	GlobalSection(SolutionProperties) = preSolution
		HideSolutionNode = FALSE
	EndGlobalSection
	GlobalSection(ExtensibilityGlobals) = postSolution
		SolutionGuid = {0E0AB50B-B5A7-4142-9CE7-AF35F0C0702E}
	EndGlobalSection
EndGlobal
